
Microsoft Visual Studio Solution File, Format Version 10.00
# Visual Studio 2008
Project("{8BC9CEB8-8B4A-11D0-8D11-00A0C91BC942}") = "monotonic", "monotonic.vcproj", "{5688980A-015B-4C7D-8D8D-F5894205FACE}"
EndProject
Project("{8BC9CEB8-8B4A-11D0-8D11-00A0C91BC942}") = "monotonic_tests", "Tests\Tests.vcproj", "{D4779B0F-266B-46D3-8BCF-0E14EF8B817B}"
EndProject
Project("{8BC9CEB8-8B4A-11D0-8D11-00A0C91BC942}") = "object_model", "..\..\object_model\src\object_model.vcproj", "{E557E90C-C695-4A7B-B5A6-2F133AF88563}"
EndProject
Project("{8BC9CEB8-8B4A-11D0-8D11-00A0C91BC942}") = "cloneable_tests", "..\..\..\..\cloneable\libs\cloneable\test\cloneable.vcproj", "{5FF650E3-53E2-447F-8D2D-A85B76B214D3}"
EndProject
Global
	GlobalSection(SolutionConfigurationPlatforms) = preSolution
		Debug|Win32 = Debug|Win32
		Release|Win32 = Release|Win32
		ReleaseSym|Win32 = ReleaseSym|Win32
	EndGlobalSection
	GlobalSection(ProjectConfigurationPlatforms) = postSolution
		{5688980A-015B-4C7D-8D8D-F5894205FACE}.Debug|Win32.ActiveCfg = Debug|Win32
		{5688980A-015B-4C7D-8D8D-F5894205FACE}.Release|Win32.ActiveCfg = Release|Win32
		{5688980A-015B-4C7D-8D8D-F5894205FACE}.Release|Win32.Build.0 = Release|Win32
		{5688980A-015B-4C7D-8D8D-F5894205FACE}.ReleaseSym|Win32.ActiveCfg = ReleaseSym|Win32
		{D4779B0F-266B-46D3-8BCF-0E14EF8B817B}.Debug|Win32.ActiveCfg = Debug|Win32
		{D4779B0F-266B-46D3-8BCF-0E14EF8B817B}.Debug|Win32.Build.0 = Debug|Win32
		{D4779B0F-266B-46D3-8BCF-0E14EF8B817B}.Release|Win32.ActiveCfg = Release|Win32
		{D4779B0F-266B-46D3-8BCF-0E14EF8B817B}.ReleaseSym|Win32.ActiveCfg = ReleaseSym|Win32
		{D4779B0F-266B-46D3-8BCF-0E14EF8B817B}.ReleaseSym|Win32.Build.0 = ReleaseSym|Win32
		{E557E90C-C695-4A7B-B5A6-2F133AF88563}.Debug|Win32.ActiveCfg = Debug|Win32
		{E557E90C-C695-4A7B-B5A6-2F133AF88563}.Release|Win32.ActiveCfg = Release|Win32
		{E557E90C-C695-4A7B-B5A6-2F133AF88563}.Release|Win32.Build.0 = Release|Win32
		{E557E90C-C695-4A7B-B5A6-2F133AF88563}.ReleaseSym|Win32.ActiveCfg = ReleaseSym|Win32
		{5FF650E3-53E2-447F-8D2D-A85B76B214D3}.Debug|Win32.ActiveCfg = Debug|Win32
		{5FF650E3-53E2-447F-8D2D-A85B76B214D3}.Release|Win32.ActiveCfg = Release|Win32
		{5FF650E3-53E2-447F-8D2D-A85B76B214D3}.Release|Win32.Build.0 = Release|Win32
		{5FF650E3-53E2-447F-8D2D-A85B76B214D3}.ReleaseSym|Win32.ActiveCfg = ReleaseSym|Win32
		{5FF650E3-53E2-447F-8D2D-A85B76B214D3}.ReleaseSym|Win32.Build.0 = ReleaseSym|Win32
	EndGlobalSection
	GlobalSection(SolutionProperties) = preSolution
		HideSolutionNode = FALSE
	EndGlobalSection
	GlobalSection(ExtensibilityGlobals) = postSolution
		VisualSVNWorkingCopyRoot = ..\..\..\..
	EndGlobalSection
EndGlobal
